# This file is autogenerated, do not edit; changes may be undone by the next 'dep ensure'.


[[projects]]
  branch = "master"
  name = "github.com/cyberdelia/aws"
  packages = [".","s3"]
  revision = "e886ba48b4a49a53edbce343ee761b7758740368"

[[projects]]
  name = "github.com/cyberdelia/lzo"
  packages = ["."]
  revision = "feb520148d8940294afb1e242dc1d2a7c9c34432"
  version = "1.0"

[[projects]]
  branch = "master"
  name = "github.com/cyberdelia/pipeline"
  packages = ["."]
  revision = "11bdeaa2e1de7cf40f61a8f613943f48a0987024"

[[projects]]
  branch = "master"
  name = "github.com/cyberdelia/ratio"
  packages = ["."]
  revision = "fb01943a46775a863dcbb8f472f3b61a89359bd7"

[[projects]]
  branch = "master"
  name = "github.com/lib/pq"
  packages = [".","oid"]
  revision = "b77235e3890a962fe8a6f8c4c7198679ca7814e7"

[solve-meta]
  analyzer-name = "dep"
  analyzer-version = 1
  inputs-digest = "1e703c036619bcf4af6b3105bb2a4e9ba49d8522084c3043b9852ea1a12594cf"
  solver-name = "gps-cdcl"
  solver-version = 1
